{
    "composer/installers": {
        "version": "v1.9.0"
    },
    "composer/semver": {
        "version": "1.5.1"
    },
    "composer/xdebug-handler": {
        "version": "1.4.2"
    },
    "cweagans/composer-patches": {
        "version": "1.6.7"
    },
    "drupal-composer/preserve-paths": {
        "version": "0.1.5"
    },
    "drupal/addressfield": {
        "version": "1.3.0"
    },
    "drupal/admin_views": {
        "version": "1.7.0"
    },
    "drupal/advagg": {
        "version": "2.34.0"
    },
    "drupal/auto_entitylabel": {
        "version": "1.4.0"
    },
    "drupal/autocomplete_limit": {
        "version": "1.0.0"
    },
    "drupal/bean": {
        "version": "1.13.0"
    },
    "drupal/bean_pane": {
        "version": "1.2.0"
    },
    "drupal/bootstrap_tour": {
        "version": "1.0.0-beta9"
    },
    "drupal/calendar": {
        "version": "3.5.0"
    },
    "drupal/chosen": {
        "version": "2.1.0"
    },
    "drupal/chr": {
        "version": "1.9.0"
    },
    "drupal/coder": {
        "version": "8.3.1"
    },
    "drupal/conditional_fields": {
        "version": "3.0.0-alpha2"
    },
    "drupal/connector": {
        "version": "1.0.0-beta2"
    },
    "drupal/context": {
        "version": "3.10.0"
    },
    "drupal/context_disable_context": {
        "version": "3.0.0"
    },
    "drupal/context_og": {
        "version": "2.1.0"
    },
    "drupal/cors": {
        "version": "1.3.0"
    },
    "drupal/ctools": {
        "version": "1.15.0"
    },
    "drupal/date": {
        "version": "2.11.0-rc1"
    },
    "drupal/date_api": {
        "version": "2.11.0-rc1"
    },
    "drupal/date_ical": {
        "version": "3.10.0"
    },
    "drupal/date_views": {
        "version": "2.11.0-rc1"
    },
    "drupal/dbtng_migrator": {
        "version": "1.4.0"
    },
    "drupal/defaultconfig": {
        "version": "1.0.0-alpha11"
    },
    "drupal/diff": {
        "version": "3.4.0"
    },
    "drupal/drupal": {
        "version": "7.78.0"
    },
    "drupal/elysia_cron": {
        "version": "2.8.0"
    },
    "drupal/email": {
        "version": "1.3.0"
    },
    "drupal/email_registration": {
        "version": "1.5.0"
    },
    "drupal/entity": {
        "version": "1.9.0"
    },
    "drupal/entity_token": {
        "version": "1.9.0"
    },
    "drupal/entity_translation": {
        "version": "1.1.0"
    },
    "drupal/entitycache": {
        "version": "1.5.0"
    },
    "drupal/entityreference": {
        "version": "1.5.0"
    },
    "drupal/entityreference_autocomplete": {
        "version": "1.13.0"
    },
    "drupal/entityreference_filter": {
        "version": "1.7.0"
    },
    "drupal/entityreference_prepopulate": {
        "version": "1.7.0"
    },
    "drupal/environment_indicator": {
        "version": "2.9.0"
    },
    "drupal/facetapi": {
        "version": "1.6.0"
    },
    "drupal/facetapi_bonus": {
        "version": "1.3.0"
    },
    "drupal/facetapi_i18n": {
        "version": "1.0.0-beta2"
    },
    "drupal/facetapi_pretty_paths": {
        "version": "1.4.0"
    },
    "drupal/features": {
        "version": "2.11.0"
    },
    "drupal/feeds": {
        "version": "2.0.0-beta5"
    },
    "drupal/feeds_et": {
        "version": "1.x-dev"
    },
    "drupal/feeds_tamper": {
        "version": "1.2.0"
    },
    "drupal/field_collection": {
        "version": "1.1.0"
    },
    "drupal/field_extrawidgets": {
        "version": "1.1.0"
    },
    "drupal/field_permissions": {
        "version": "1.1.0"
    },
    "drupal/field_validation": {
        "version": "2.6.0"
    },
    "drupal/fieldable_panels_panes": {
        "version": "1.13.0"
    },
    "drupal/file_chooser_field": {
        "version": "1.12.0"
    },
    "drupal/file_entity": {
        "version": "2.30.0"
    },
    "drupal/flag": {
        "version": "3.9.0"
    },
    "drupal/fts": {
        "version": "1.2.0"
    },
    "drupal/fullcalendar_api": {
        "version": "1.0.0"
    },
    "drupal/geofield": {
        "version": "2.4.0"
    },
    "drupal/geophp": {
        "version": "1.7.0"
    },
    "drupal/google_analytics": {
        "version": "2.6.0"
    },
    "drupal/honeypot": {
        "version": "1.26.0"
    },
    "drupal/hybridauth": {
        "version": "2.16.0"
    },
    "drupal/i18n": {
        "version": "1.27.0"
    },
    "drupal/i18n_string": {
        "version": "1.27.0"
    },
    "drupal/image_resize_filter": {
        "version": "1.16.0"
    },
    "drupal/imagemagick": {
        "version": "1.0.0"
    },
    "drupal/inline_entity_form": {
        "version": "1.9.0"
    },
    "drupal/job_scheduler": {
        "version": "2.0.0"
    },
    "drupal/jquery_update": {
        "version": "2.7.0"
    },
    "drupal/js": {
        "version": "2.5.0"
    },
    "drupal/l10n_update": {
        "version": "2.4.0"
    },
    "drupal/languagefield": {
        "version": "1.7.0"
    },
    "drupal/libraries": {
        "version": "2.5.0"
    },
    "drupal/link": {
        "version": "1.7.0"
    },
    "drupal/linkchecker": {
        "version": "1.4.0"
    },
    "drupal/linkit": {
        "version": "3.5.0"
    },
    "drupal/maintenance200": {
        "version": "1.1.0"
    },
    "drupal/masquerade": {
        "version": "1.0.0-rc7"
    },
    "drupal/media": {
        "version": "2.19.0"
    },
    "drupal/media_internet": {
        "version": "2.19.0"
    },
    "drupal/media_vimeo": {
        "version": "2.1.0"
    },
    "drupal/media_youtube": {
        "version": "3.9.0"
    },
    "drupal/memcache": {
        "version": "1.8.0"
    },
    "drupal/menu_target": {
        "version": "1.7.0"
    },
    "drupal/modernizr": {
        "version": "3.11.0"
    },
    "drupal/moment": {
        "version": "2.0.0"
    },
    "drupal/node_clone": {
        "version": "1.0.0"
    },
    "drupal/node_revision_delete": {
        "version": "2.7.0"
    },
    "drupal/og": {
        "version": "2.10.0"
    },
    "drupal/og_context": {
        "version": "2.10.0"
    },
    "drupal/og_features": {
        "version": "2.0.0-beta4"
    },
    "drupal/og_menu": {
        "version": "3.2.0"
    },
    "drupal/og_moderation": {
        "version": "2.3.0"
    },
    "drupal/og_role_delegate": {
        "version": "1.0.0-beta2"
    },
    "drupal/og_ui": {
        "version": "2.10.0"
    },
    "drupal/og_variables": {
        "version": "1.0.0"
    },
    "drupal/openlayers": {
        "version": "2.0.0-beta11"
    },
    "drupal/page_manager": {
        "version": "1.15.0"
    },
    "drupal/panelizer": {
        "version": "3.4.0"
    },
    "drupal/panels": {
        "version": "3.10.0"
    },
    "drupal/panels_bootstrap_layouts": {
        "version": "3.0.0"
    },
    "drupal/panels_bootstrap_styles": {
        "version": "1.1.0"
    },
    "drupal/path_redirect_import": {
        "version": "1.0.0-rc4"
    },
    "drupal/pathauto": {
        "version": "1.3.0"
    },
    "drupal/pdfpreview": {
        "version": "2.1.0"
    },
    "drupal/phone": {
        "version": "2.x-dev"
    },
    "drupal/plug": {
        "version": "1.1.0"
    },
    "drupal/pni": {
        "version": "1.3.0"
    },
    "drupal/profile2": {
        "version": "1.7.0"
    },
    "drupal/proj4js": {
        "version": "1.2.0"
    },
    "drupal/publishcontent": {
        "version": "1.4.0"
    },
    "drupal/radix": {
        "version": "3.8.0"
    },
    "drupal/radix_layouts": {
        "version": "3.4.0"
    },
    "drupal/realname": {
        "version": "1.4.0"
    },
    "drupal/redirect": {
        "version": "1.0.0-rc3"
    },
    "drupal/registry_autoload": {
        "version": "1.3.0"
    },
    "drupal/restclient": {
        "version": "2.0.0"
    },
    "drupal/restful": {
        "version": "2.17.0"
    },
    "drupal/role_export": {
        "version": "1.0.0"
    },
    "drupal/rules": {
        "version": "2.12.0"
    },
    "drupal/search_api": {
        "version": "1.26.0"
    },
    "drupal/search_api_saved_searches": {
        "version": "1.7.0"
    },
    "drupal/search_api_solr": {
        "version": "1.15.0"
    },
    "drupal/search_api_solr_overrides": {
        "version": "1.0.0"
    },
    "drupal/search_api_sorts": {
        "version": "1.7.0"
    },
    "drupal/search_api_sorts_widget": {
        "version": "1.x-dev"
    },
    "drupal/securelogin": {
        "version": "1.7.0"
    },
    "drupal/shs": {
        "version": "1.8.0"
    },
    "drupal/smtp": {
        "version": "1.7.0"
    },
    "drupal/special_menu_items": {
        "version": "2.1.0"
    },
    "drupal/strongarm": {
        "version": "2.0.0"
    },
    "drupal/taxonomy_creation_date": {
        "version": "1.2.0"
    },
    "drupal/term_merge": {
        "version": "1.4.0"
    },
    "drupal/title": {
        "version": "1.0.0-beta3"
    },
    "drupal/token": {
        "version": "1.7.0"
    },
    "drupal/token_filter": {
        "version": "1.1.0"
    },
    "drupal/token_tweaks": {
        "version": "1.x-dev"
    },
    "drupal/transliteration": {
        "version": "3.2.0"
    },
    "drupal/twitter_pane": {
        "version": "1.x-dev"
    },
    "drupal/usermerge": {
        "version": "2.11.0"
    },
    "drupal/variable": {
        "version": "2.5.0"
    },
    "drupal/variable_realm": {
        "version": "2.5.0"
    },
    "drupal/variable_store": {
        "version": "2.5.0"
    },
    "drupal/varnish": {
        "version": "1.9.0"
    },
    "drupal/views": {
        "version": "3.24.0"
    },
    "drupal/views_bulk_operations": {
        "version": "3.6.0"
    },
    "drupal/views_content_cache": {
        "version": "3.0.0-alpha3"
    },
    "drupal/views_data_export": {
        "version": "3.2.0"
    },
    "drupal/views_geojson": {
        "version": "1.0.0-beta3"
    },
    "drupal/views_pdf": {
        "version": "1.7.0"
    },
    "drupal/views_pivot": {
        "version": "1.1.0"
    },
    "drupal/views_rss": {
        "version": "2.0.0-rc4"
    },
    "drupal/visualization": {
        "version": "1.0.0-beta2"
    },
    "drupal/wysiwyg": {
        "version": "2.6.0"
    },
    "drupal/wysiwyg_filter": {
        "version": "1.6.0-rc9"
    },
    "hussainweb/drupal-composer-helper": {
        "version": "v1.0.0-beta7"
    },
    "lkmorlan/icalcreator": {
        "version": "v2.20.4"
    },
    "pdepend/pdepend": {
        "version": "2.8.0"
    },
    "php": {
        "version": "7.3.26"
    },
    "phpmd/phpmd": {
        "version": "2.8.2"
    },
    "phpunit/php-timer": {
        "version": "2.1.2"
    },
    "psr/container": {
        "version": "1.0.0"
    },
    "psr/log": {
        "version": "1.1.3"
    },
    "sebastian/finder-facade": {
        "version": "1.2.3"
    },
    "sebastian/phpcpd": {
        "version": "4.1.0"
    },
    "sebastian/version": {
        "version": "2.0.1"
    },
    "squizlabs/php_codesniffer": {
        "version": "3.0",
        "recipe": {
            "repo": "github.com/symfony/recipes-contrib",
            "branch": "master",
            "version": "3.0",
            "ref": "0dc9cceda799fd3a08b96987e176a261028a3709"
        }
    },
    "symfony/config": {
        "version": "v5.1.2"
    },
    "symfony/console": {
        "version": "4.4",
        "recipe": {
            "repo": "github.com/symfony/recipes",
            "branch": "master",
            "version": "4.4",
            "ref": "ea8c0eda34fda57e7d5cd8cbd889e2a387e3472c"
        },
        "files": [
            "bin/console",
            "config/bootstrap.php"
        ]
    },
    "symfony/dependency-injection": {
        "version": "v5.1.2"
    },
    "symfony/deprecation-contracts": {
        "version": "v2.1.2"
    },
    "symfony/filesystem": {
        "version": "v4.4.10"
    },
    "symfony/finder": {
        "version": "v5.1.2"
    },
    "symfony/flex": {
        "version": "1.0",
        "recipe": {
            "repo": "github.com/symfony/recipes",
            "branch": "master",
            "version": "1.0",
            "ref": "c0eeb50665f0f77226616b6038a9b06c03752d8e"
        },
        "files": [
            ".env"
        ]
    },
    "symfony/polyfill-ctype": {
        "version": "v1.17.1"
    },
    "symfony/polyfill-mbstring": {
        "version": "v1.17.1"
    },
    "symfony/polyfill-php73": {
        "version": "v1.17.1"
    },
    "symfony/polyfill-php80": {
        "version": "v1.17.1"
    },
    "symfony/service-contracts": {
        "version": "v2.1.2"
    },
    "symfony/yaml": {
        "version": "v5.1.2"
    },
    "theseer/fdomdocument": {
        "version": "1.6.6"
    },
    "unocha/ocha_snap": {
        "version": "v1.2.0"
    },
    "webmozart/assert": {
        "version": "1.9.0"
    },
    "webmozart/path-util": {
        "version": "2.3.0"
    }
}
